// !$*UTF8*$!
{
	archiveVersion = 1;
	classes = {
	};
	objectVersion = 46;
	objects = {

/* Begin PBXBuildFile section */
		1203048A6C65DF637EB1C6C2 /* libPods-ContextualLoadingViewTests.a in Frameworks */ = {isa = PBXBuildFile; fileRef = 983564C3DCD9EA066C3169EA /* libPods-ContextualLoadingViewTests.a */; };
		6BB5445E2070D49450D8DDFD /* libPods-ContextualLoadingViewUITests.a in Frameworks */ = {isa = PBXBuildFile; fileRef = 30DAD6C8C6059D6EF67208C6 /* libPods-ContextualLoadingViewUITests.a */; };
		CC03590EA39457574766C253 /* libPods-ContextualLoadingView.a in Frameworks */ = {isa = PBXBuildFile; fileRef = 8FBAF66EE3D83D9DFB0B1FF3 /* libPods-ContextualLoadingView.a */; };
		E5C3B4471E66EC03009D633F /* main.m in Sources */ = {isa = PBXBuildFile; fileRef = E5C3B4461E66EC03009D633F /* main.m */; };
		E5C3B44A1E66EC03009D633F /* AppDelegate.m in Sources */ = {isa = PBXBuildFile; fileRef = E5C3B4491E66EC03009D633F /* AppDelegate.m */; };
		E5C3B44D1E66EC03009D633F /* ViewController.m in Sources */ = {isa = PBXBuildFile; fileRef = E5C3B44C1E66EC03009D633F /* ViewController.m */; };
		E5C3B4501E66EC03009D633F /* Main.storyboard in Resources */ = {isa = PBXBuildFile; fileRef = E5C3B44E1E66EC03009D633F /* Main.storyboard */; };
		E5C3B4521E66EC03009D633F /* Assets.xcassets in Resources */ = {isa = PBXBuildFile; fileRef = E5C3B4511E66EC03009D633F /* Assets.xcassets */; };
		E5C3B4551E66EC03009D633F /* LaunchScreen.storyboard in Resources */ = {isa = PBXBuildFile; fileRef = E5C3B4531E66EC03009D633F /* LaunchScreen.storyboard */; };
		E5C3B4601E66EC03009D633F /* ContextualLoadingViewTests.m in Sources */ = {isa = PBXBuildFile; fileRef = E5C3B45F1E66EC03009D633F /* ContextualLoadingViewTests.m */; };
		E5C3B46B1E66EC03009D633F /* ContextualLoadingViewUITests.m in Sources */ = {isa = PBXBuildFile; fileRef = E5C3B46A1E66EC03009D633F /* ContextualLoadingViewUITests.m */; };
		E5C3B47A1E66EC43009D633F /* LoadingView.m in Sources */ = {isa = PBXBuildFile; fileRef = E5C3B4791E66EC43009D633F /* LoadingView.m */; };
/* End PBXBuildFile section */

/* Begin PBXContainerItemProxy section */
		E5C3B45C1E66EC03009D633F /* PBXContainerItemProxy */ = {
			isa = PBXContainerItemProxy;
			containerPortal = E5C3B43A1E66EC03009D633F /* Project object */;
			proxyType = 1;
			remoteGlobalIDString = E5C3B4411E66EC03009D633F;
			remoteInfo = ContextualLoadingView;
		};
		E5C3B4671E66EC03009D633F /* PBXContainerItemProxy */ = {
			isa = PBXContainerItemProxy;
			containerPortal = E5C3B43A1E66EC03009D633F /* Project object */;
			proxyType = 1;
			remoteGlobalIDString = E5C3B4411E66EC03009D633F;
			remoteInfo = ContextualLoadingView;
		};
/* End PBXContainerItemProxy section */

/* Begin PBXFileReference section */
		0316C40560A6D1E4FBDF64ED /* Pods-ContextualLoadingViewUITests.release.xcconfig */ = {isa = PBXFileReference; includeInIndex = 1; lastKnownFileType = text.xcconfig; name = "Pods-ContextualLoadingViewUITests.release.xcconfig"; path = "Pods/Target Support Files/Pods-ContextualLoadingViewUITests/Pods-ContextualLoadingViewUITests.release.xcconfig"; sourceTree = "<group>"; };
		08B62D7B8C8ED1B66B5D0D41 /* Pods-ContextualLoadingViewTests.debug.xcconfig */ = {isa = PBXFileReference; includeInIndex = 1; lastKnownFileType = text.xcconfig; name = "Pods-ContextualLoadingViewTests.debug.xcconfig"; path = "Pods/Target Support Files/Pods-ContextualLoadingViewTests/Pods-ContextualLoadingViewTests.debug.xcconfig"; sourceTree = "<group>"; };
		2BF9BCB08BDB23BD9714C4F2 /* Pods-ContextualLoadingView.release.xcconfig */ = {isa = PBXFileReference; includeInIndex = 1; lastKnownFileType = text.xcconfig; name = "Pods-ContextualLoadingView.release.xcconfig"; path = "Pods/Target Support Files/Pods-ContextualLoadingView/Pods-ContextualLoadingView.release.xcconfig"; sourceTree = "<group>"; };
		30DAD6C8C6059D6EF67208C6 /* libPods-ContextualLoadingViewUITests.a */ = {isa = PBXFileReference; explicitFileType = archive.ar; includeInIndex = 0; path = "libPods-ContextualLoadingViewUITests.a"; sourceTree = BUILT_PRODUCTS_DIR; };
		8FBAF66EE3D83D9DFB0B1FF3 /* libPods-ContextualLoadingView.a */ = {isa = PBXFileReference; explicitFileType = archive.ar; includeInIndex = 0; path = "libPods-ContextualLoadingView.a"; sourceTree = BUILT_PRODUCTS_DIR; };
		983564C3DCD9EA066C3169EA /* libPods-ContextualLoadingViewTests.a */ = {isa = PBXFileReference; explicitFileType = archive.ar; includeInIndex = 0; path = "libPods-ContextualLoadingViewTests.a"; sourceTree = BUILT_PRODUCTS_DIR; };
		B15E0F8CB99DFD9450E63D5F /* Pods-ContextualLoadingViewUITests.debug.xcconfig */ = {isa = PBXFileReference; includeInIndex = 1; lastKnownFileType = text.xcconfig; name = "Pods-ContextualLoadingViewUITests.debug.xcconfig"; path = "Pods/Target Support Files/Pods-ContextualLoadingViewUITests/Pods-ContextualLoadingViewUITests.debug.xcconfig"; sourceTree = "<group>"; };
		C4A0847D82877BC084928656 /* Pods-ContextualLoadingViewTests.release.xcconfig */ = {isa = PBXFileReference; includeInIndex = 1; lastKnownFileType = text.xcconfig; name = "Pods-ContextualLoadingViewTests.release.xcconfig"; path = "Pods/Target Support Files/Pods-ContextualLoadingViewTests/Pods-ContextualLoadingViewTests.release.xcconfig"; sourceTree = "<group>"; };
		E5C3B4421E66EC03009D633F /* ContextualLoadingView.app */ = {isa = PBXFileReference; explicitFileType = wrapper.application; includeInIndex = 0; path = ContextualLoadingView.app; sourceTree = BUILT_PRODUCTS_DIR; };
		E5C3B4461E66EC03009D633F /* main.m */ = {isa = PBXFileReference; lastKnownFileType = sourcecode.c.objc; path = main.m; sourceTree = "<group>"; };
		E5C3B4481E66EC03009D633F /* AppDelegate.h */ = {isa = PBXFileReference; lastKnownFileType = sourcecode.c.h; path = AppDelegate.h; sourceTree = "<group>"; };
		E5C3B4491E66EC03009D633F /* AppDelegate.m */ = {isa = PBXFileReference; lastKnownFileType = sourcecode.c.objc; path = AppDelegate.m; sourceTree = "<group>"; };
		E5C3B44B1E66EC03009D633F /* ViewController.h */ = {isa = PBXFileReference; lastKnownFileType = sourcecode.c.h; path = ViewController.h; sourceTree = "<group>"; };
		E5C3B44C1E66EC03009D633F /* ViewController.m */ = {isa = PBXFileReference; lastKnownFileType = sourcecode.c.objc; path = ViewController.m; sourceTree = "<group>"; };
		E5C3B44F1E66EC03009D633F /* Base */ = {isa = PBXFileReference; lastKnownFileType = file.storyboard; name = Base; path = Base.lproj/Main.storyboard; sourceTree = "<group>"; };
		E5C3B4511E66EC03009D633F /* Assets.xcassets */ = {isa = PBXFileReference; lastKnownFileType = folder.assetcatalog; path = Assets.xcassets; sourceTree = "<group>"; };
		E5C3B4541E66EC03009D633F /* Base */ = {isa = PBXFileReference; lastKnownFileType = file.storyboard; name = Base; path = Base.lproj/LaunchScreen.storyboard; sourceTree = "<group>"; };
		E5C3B4561E66EC03009D633F /* Info.plist */ = {isa = PBXFileReference; lastKnownFileType = text.plist.xml; path = Info.plist; sourceTree = "<group>"; };
		E5C3B45B1E66EC03009D633F /* ContextualLoadingViewTests.xctest */ = {isa = PBXFileReference; explicitFileType = wrapper.cfbundle; includeInIndex = 0; path = ContextualLoadingViewTests.xctest; sourceTree = BUILT_PRODUCTS_DIR; };
		E5C3B45F1E66EC03009D633F /* ContextualLoadingViewTests.m */ = {isa = PBXFileReference; lastKnownFileType = sourcecode.c.objc; path = ContextualLoadingViewTests.m; sourceTree = "<group>"; };
		E5C3B4611E66EC03009D633F /* Info.plist */ = {isa = PBXFileReference; lastKnownFileType = text.plist.xml; path = Info.plist; sourceTree = "<group>"; };
		E5C3B4661E66EC03009D633F /* ContextualLoadingViewUITests.xctest */ = {isa = PBXFileReference; explicitFileType = wrapper.cfbundle; includeInIndex = 0; path = ContextualLoadingViewUITests.xctest; sourceTree = BUILT_PRODUCTS_DIR; };
		E5C3B46A1E66EC03009D633F /* ContextualLoadingViewUITests.m */ = {isa = PBXFileReference; lastKnownFileType = sourcecode.c.objc; path = ContextualLoadingViewUITests.m; sourceTree = "<group>"; };
		E5C3B46C1E66EC03009D633F /* Info.plist */ = {isa = PBXFileReference; lastKnownFileType = text.plist.xml; path = Info.plist; sourceTree = "<group>"; };
		E5C3B4781E66EC43009D633F /* LoadingView.h */ = {isa = PBXFileReference; fileEncoding = 4; lastKnownFileType = sourcecode.c.h; path = LoadingView.h; sourceTree = "<group>"; };
		E5C3B4791E66EC43009D633F /* LoadingView.m */ = {isa = PBXFileReference; fileEncoding = 4; lastKnownFileType = sourcecode.c.objc; path = LoadingView.m; sourceTree = "<group>"; };
		EDEB7DECC0081ABED01B18BF /* Pods-ContextualLoadingView.debug.xcconfig */ = {isa = PBXFileReference; includeInIndex = 1; lastKnownFileType = text.xcconfig; name = "Pods-ContextualLoadingView.debug.xcconfig"; path = "Pods/Target Support Files/Pods-ContextualLoadingView/Pods-ContextualLoadingView.debug.xcconfig"; sourceTree = "<group>"; };
/* End PBXFileReference section */

/* Begin PBXFrameworksBuildPhase section */
		E5C3B43F1E66EC03009D633F /* Frameworks */ = {
			isa = PBXFrameworksBuildPhase;
			buildActionMask = 2147483647;
			files = (
				CC03590EA39457574766C253 /* libPods-ContextualLoadingView.a in Frameworks */,
			);
			runOnlyForDeploymentPostprocessing = 0;
		};
		E5C3B4581E66EC03009D633F /* Frameworks */ = {
			isa = PBXFrameworksBuildPhase;
			buildActionMask = 2147483647;
			files = (
				1203048A6C65DF637EB1C6C2 /* libPods-ContextualLoadingViewTests.a in Frameworks */,
			);
			runOnlyForDeploymentPostprocessing = 0;
		};
		E5C3B4631E66EC03009D633F /* Frameworks */ = {
			isa = PBXFrameworksBuildPhase;
			buildActionMask = 2147483647;
			files = (
				6BB5445E2070D49450D8DDFD /* libPods-ContextualLoadingViewUITests.a in Frameworks */,
			);
			runOnlyForDeploymentPostprocessing = 0;
		};
/* End PBXFrameworksBuildPhase section */

/* Begin PBXGroup section */
		005B713848525A66064885A3 /* Pods */ = {
			isa = PBXGroup;
			children = (
				EDEB7DECC0081ABED01B18BF /* Pods-ContextualLoadingView.debug.xcconfig */,
				2BF9BCB08BDB23BD9714C4F2 /* Pods-ContextualLoadingView.release.xcconfig */,
				08B62D7B8C8ED1B66B5D0D41 /* Pods-ContextualLoadingViewTests.debug.xcconfig */,
				C4A0847D82877BC084928656 /* Pods-ContextualLoadingViewTests.release.xcconfig */,
				B15E0F8CB99DFD9450E63D5F /* Pods-ContextualLoadingViewUITests.debug.xcconfig */,
				0316C40560A6D1E4FBDF64ED /* Pods-ContextualLoadingViewUITests.release.xcconfig */,
			);
			name = Pods;
			sourceTree = "<group>";
		};
		C25160DE79FDF8F8CCFC1D06 /* Frameworks */ = {
			isa = PBXGroup;
			children = (
				8FBAF66EE3D83D9DFB0B1FF3 /* libPods-ContextualLoadingView.a */,
				983564C3DCD9EA066C3169EA /* libPods-ContextualLoadingViewTests.a */,
				30DAD6C8C6059D6EF67208C6 /* libPods-ContextualLoadingViewUITests.a */,
			);
			name = Frameworks;
			sourceTree = "<group>";
		};
		E5C3B4391E66EC03009D633F = {
			isa = PBXGroup;
			children = (
				E5C3B4441E66EC03009D633F /* ContextualLoadingView */,
				E5C3B45E1E66EC03009D633F /* ContextualLoadingViewTests */,
				E5C3B4691E66EC03009D633F /* ContextualLoadingViewUITests */,
				E5C3B4431E66EC03009D633F /* Products */,
				005B713848525A66064885A3 /* Pods */,
				C25160DE79FDF8F8CCFC1D06 /* Frameworks */,
			);
			sourceTree = "<group>";
		};
		E5C3B4431E66EC03009D633F /* Products */ = {
			isa = PBXGroup;
			children = (
				E5C3B4421E66EC03009D633F /* ContextualLoadingView.app */,
				E5C3B45B1E66EC03009D633F /* ContextualLoadingViewTests.xctest */,
				E5C3B4661E66EC03009D633F /* ContextualLoadingViewUITests.xctest */,
			);
			name = Products;
			sourceTree = "<group>";
		};
		E5C3B4441E66EC03009D633F /* ContextualLoadingView */ = {
			isa = PBXGroup;
			children = (
				E5C3B4481E66EC03009D633F /* AppDelegate.h */,
				E5C3B4491E66EC03009D633F /* AppDelegate.m */,
				E5C3B44B1E66EC03009D633F /* ViewController.h */,
				E5C3B44C1E66EC03009D633F /* ViewController.m */,
				E5C3B4781E66EC43009D633F /* LoadingView.h */,
				E5C3B4791E66EC43009D633F /* LoadingView.m */,
				E5C3B44E1E66EC03009D633F /* Main.storyboard */,
				E5C3B4511E66EC03009D633F /* Assets.xcassets */,
				E5C3B4531E66EC03009D633F /* LaunchScreen.storyboard */,
				E5C3B4561E66EC03009D633F /* Info.plist */,
				E5C3B4451E66EC03009D633F /* Supporting Files */,
			);
			path = ContextualLoadingView;
			sourceTree = "<group>";
		};
		E5C3B4451E66EC03009D633F /* Supporting Files */ = {
			isa = PBXGroup;
			children = (
				E5C3B4461E66EC03009D633F /* main.m */,
			);
			name = "Supporting Files";
			sourceTree = "<group>";
		};
		E5C3B45E1E66EC03009D633F /* ContextualLoadingViewTests */ = {
			isa = PBXGroup;
			children = (
				E5C3B45F1E66EC03009D633F /* ContextualLoadingViewTests.m */,
				E5C3B4611E66EC03009D633F /* Info.plist */,
			);
			path = ContextualLoadingViewTests;
			sourceTree = "<group>";
		};
		E5C3B4691E66EC03009D633F /* ContextualLoadingViewUITests */ = {
			isa = PBXGroup;
			children = (
				E5C3B46A1E66EC03009D633F /* ContextualLoadingViewUITests.m */,
				E5C3B46C1E66EC03009D633F /* Info.plist */,
			);
			path = ContextualLoadingViewUITests;
			sourceTree = "<group>";
		};
/* End PBXGroup section */

/* Begin PBXNativeTarget section */
		E5C3B4411E66EC03009D633F /* ContextualLoadingView */ = {
			isa = PBXNativeTarget;
			buildConfigurationList = E5C3B46F1E66EC03009D633F /* Build configuration list for PBXNativeTarget "ContextualLoadingView" */;
			buildPhases = (
				96258CE8AC46AF6B2A0165BC /* [CP] Check Pods Manifest.lock */,
				E5C3B43E1E66EC03009D633F /* Sources */,
				E5C3B43F1E66EC03009D633F /* Frameworks */,
				E5C3B4401E66EC03009D633F /* Resources */,
				19970F1268D6EBAC5EF68D01 /* [CP] Embed Pods Frameworks */,
				1B9035A606C1F40287F5DCEE /* [CP] Copy Pods Resources */,
			);
			buildRules = (
			);
			dependencies = (
			);
			name = ContextualLoadingView;
			productName = ContextualLoadingView;
			productReference = E5C3B4421E66EC03009D633F /* ContextualLoadingView.app */;
			productType = "com.apple.product-type.application";
		};
		E5C3B45A1E66EC03009D633F /* ContextualLoadingViewTests */ = {
			isa = PBXNativeTarget;
			buildConfigurationList = E5C3B4721E66EC03009D633F /* Build configuration list for PBXNativeTarget "ContextualLoadingViewTests" */;
			buildPhases = (
				B525909940451A9E018D9BF7 /* [CP] Check Pods Manifest.lock */,
				E5C3B4571E66EC03009D633F /* Sources */,
				E5C3B4581E66EC03009D633F /* Frameworks */,
				E5C3B4591E66EC03009D633F /* Resources */,
				917FAC4AE87B21BB946AFBEF /* [CP] Embed Pods Frameworks */,
				15F3C5A0C32D6601E627A927 /* [CP] Copy Pods Resources */,
			);
			buildRules = (
			);
			dependencies = (
				E5C3B45D1E66EC03009D633F /* PBXTargetDependency */,
			);
			name = ContextualLoadingViewTests;
			productName = ContextualLoadingViewTests;
			productReference = E5C3B45B1E66EC03009D633F /* ContextualLoadingViewTests.xctest */;
			productType = "com.apple.product-type.bundle.unit-test";
		};
		E5C3B4651E66EC03009D633F /* ContextualLoadingViewUITests */ = {
			isa = PBXNativeTarget;
			buildConfigurationList = E5C3B4751E66EC03009D633F /* Build configuration list for PBXNativeTarget "ContextualLoadingViewUITests" */;
			buildPhases = (
				49F7BB4AA2C2FF835272E0C7 /* [CP] Check Pods Manifest.lock */,
				E5C3B4621E66EC03009D633F /* Sources */,
				E5C3B4631E66EC03009D633F /* Frameworks */,
				E5C3B4641E66EC03009D633F /* Resources */,
				34BC410C3B1721D4CBA58116 /* [CP] Embed Pods Frameworks */,
				4449FCCD439D33B9A0424DD6 /* [CP] Copy Pods Resources */,
			);
			buildRules = (
			);
			dependencies = (
				E5C3B4681E66EC03009D633F /* PBXTargetDependency */,
			);
			name = ContextualLoadingViewUITests;
			productName = ContextualLoadingViewUITests;
			productReference = E5C3B4661E66EC03009D633F /* ContextualLoadingViewUITests.xctest */;
			productType = "com.apple.product-type.bundle.ui-testing";
		};
/* End PBXNativeTarget section */

/* Begin PBXProject section */
		E5C3B43A1E66EC03009D633F /* Project object */ = {
			isa = PBXProject;
			attributes = {
				LastUpgradeCheck = 0820;
				ORGANIZATIONNAME = bocato;
				TargetAttributes = {
					E5C3B4411E66EC03009D633F = {
						CreatedOnToolsVersion = 8.2.1;
						DevelopmentTeam = SZSQ274898;
						ProvisioningStyle = Automatic;
					};
					E5C3B45A1E66EC03009D633F = {
						CreatedOnToolsVersion = 8.2.1;
						DevelopmentTeam = LJ52F3Z7TA;
						ProvisioningStyle = Automatic;
						TestTargetID = E5C3B4411E66EC03009D633F;
					};
					E5C3B4651E66EC03009D633F = {
						CreatedOnToolsVersion = 8.2.1;
						DevelopmentTeam = LJ52F3Z7TA;
						ProvisioningStyle = Automatic;
						TestTargetID = E5C3B4411E66EC03009D633F;
					};
				};
			};
			buildConfigurationList = E5C3B43D1E66EC03009D633F /* Build configuration list for PBXProject "ContextualLoadingView" */;
			compatibilityVersion = "Xcode 3.2";
			developmentRegion = English;
			hasScannedForEncodings = 0;
			knownRegions = (
				en,
				Base,
			);
			mainGroup = E5C3B4391E66EC03009D633F;
			productRefGroup = E5C3B4431E66EC03009D633F /* Products */;
			projectDirPath = "";
			projectRoot = "";
			targets = (
				E5C3B4411E66EC03009D633F /* ContextualLoadingView */,
				E5C3B45A1E66EC03009D633F /* ContextualLoadingViewTests */,
				E5C3B4651E66EC03009D633F /* ContextualLoadingViewUITests */,
			);
		};
/* End PBXProject section */

/* Begin PBXResourcesBuildPhase section */
		E5C3B4401E66EC03009D633F /* Resources */ = {
			isa = PBXResourcesBuildPhase;
			buildActionMask = 2147483647;
			files = (
				E5C3B4551E66EC03009D633F /* LaunchScreen.storyboard in Resources */,
				E5C3B4521E66EC03009D633F /* Assets.xcassets in Resources */,
				E5C3B4501E66EC03009D633F /* Main.storyboard in Resources */,
			);
			runOnlyForDeploymentPostprocessing = 0;
		};
		E5C3B4591E66EC03009D633F /* Resources */ = {
			isa = PBXResourcesBuildPhase;
			buildActionMask = 2147483647;
			files = (
			);
			runOnlyForDeploymentPostprocessing = 0;
		};
		E5C3B4641E66EC03009D633F /* Resources */ = {
			isa = PBXResourcesBuildPhase;
			buildActionMask = 2147483647;
			files = (
			);
			runOnlyForDeploymentPostprocessing = 0;
		};
/* End PBXResourcesBuildPhase section */

/* Begin PBXShellScriptBuildPhase section */
		15F3C5A0C32D6601E627A927 /* [CP] Copy Pods Resources */ = {
			isa = PBXShellScriptBuildPhase;
			buildActionMask = 2147483647;
			files = (
			);
			inputPaths = (
			);
			name = "[CP] Copy Pods Resources";
			outputPaths = (
			);
			runOnlyForDeploymentPostprocessing = 0;
			shellPath = /bin/sh;
			shellScript = "\"${SRCROOT}/Pods/Target Support Files/Pods-ContextualLoadingViewTests/Pods-ContextualLoadingViewTests-resources.sh\"\n";
			showEnvVarsInLog = 0;
		};
		19970F1268D6EBAC5EF68D01 /* [CP] Embed Pods Frameworks */ = {
			isa = PBXShellScriptBuildPhase;
			buildActionMask = 2147483647;
			files = (
			);
			inputPaths = (
			);
			name = "[CP] Embed Pods Frameworks";
			outputPaths = (
			);
			runOnlyForDeploymentPostprocessing = 0;
			shellPath = /bin/sh;
			shellScript = "\"${SRCROOT}/Pods/Target Support Files/Pods-ContextualLoadingView/Pods-ContextualLoadingView-frameworks.sh\"\n";
			showEnvVarsInLog = 0;
		};
		1B9035A606C1F40287F5DCEE /* [CP] Copy Pods Resources */ = {
			isa = PBXShellScriptBuildPhase;
			buildActionMask = 2147483647;
			files = (
			);
			inputPaths = (
			);
			name = "[CP] Copy Pods Resources";
			outputPaths = (
			);
			runOnlyForDeploymentPostprocessing = 0;
			shellPath = /bin/sh;
			shellScript = "\"${SRCROOT}/Pods/Target Support Files/Pods-ContextualLoadingView/Pods-ContextualLoadingView-resources.sh\"\n";
			showEnvVarsInLog = 0;
		};
		34BC410C3B1721D4CBA58116 /* [CP] Embed Pods Frameworks */ = {
			isa = PBXShellScriptBuildPhase;
			buildActionMask = 2147483647;
			files = (
			);
			inputPaths = (
			);
			name = "[CP] Embed Pods Frameworks";
			outputPaths = (
			);
			runOnlyForDeploymentPostprocessing = 0;
			shellPath = /bin/sh;
			shellScript = "\"${SRCROOT}/Pods/Target Support Files/Pods-ContextualLoadingViewUITests/Pods-ContextualLoadingViewUITests-frameworks.sh\"\n";
			showEnvVarsInLog = 0;
		};
		4449FCCD439D33B9A0424DD6 /* [CP] Copy Pods Resources */ = {
			isa = PBXShellScriptBuildPhase;
			buildActionMask = 2147483647;
			files = (
			);
			inputPaths = (
			);
			name = "[CP] Copy Pods Resources";
			outputPaths = (
			);
			runOnlyForDeploymentPostprocessing = 0;
			shellPath = /bin/sh;
			shellScript = "\"${SRCROOT}/Pods/Target Support Files/Pods-ContextualLoadingViewUITests/Pods-ContextualLoadingViewUITests-resources.sh\"\n";
			showEnvVarsInLog = 0;
		};
		49F7BB4AA2C2FF835272E0C7 /* [CP] Check Pods Manifest.lock */ = {
			isa = PBXShellScriptBuildPhase;
			buildActionMask = 2147483647;
			files = (
			);
			inputPaths = (
			);
			name = "[CP] Check Pods Manifest.lock";
			outputPaths = (
			);
			runOnlyForDeploymentPostprocessing = 0;
			shellPath = /bin/sh;
			shellScript = "diff \"${PODS_ROOT}/../Podfile.lock\" \"${PODS_ROOT}/Manifest.lock\" > /dev/null\nif [ $? != 0 ] ; then\n    # print error to STDERR\n    echo \"error: The sandbox is not in sync with the Podfile.lock. Run 'pod install' or update your CocoaPods installation.\" >&2\n    exit 1\nfi\n";
			showEnvVarsInLog = 0;
		};
		917FAC4AE87B21BB946AFBEF /* [CP] Embed Pods Frameworks */ = {
			isa = PBXShellScriptBuildPhase;
			buildActionMask = 2147483647;
			files = (
			);
			inputPaths = (
			);
			name = "[CP] Embed Pods Frameworks";
			outputPaths = (
			);
			runOnlyForDeploymentPostprocessing = 0;
			shellPath = /bin/sh;
			shellScript = "\"${SRCROOT}/Pods/Target Support Files/Pods-ContextualLoadingViewTests/Pods-ContextualLoadingViewTests-frameworks.sh\"\n";
			showEnvVarsInLog = 0;
		};
		96258CE8AC46AF6B2A0165BC /* [CP] Check Pods Manifest.lock */ = {
			isa = PBXShellScriptBuildPhase;
			buildActionMask = 2147483647;
			files = (
			);
			inputPaths = (
			);
			name = "[CP] Check Pods Manifest.lock";
			outputPaths = (
			);
			runOnlyForDeploymentPostprocessing = 0;
			shellPath = /bin/sh;
			shellScript = "diff \"${PODS_ROOT}/../Podfile.lock\" \"${PODS_ROOT}/Manifest.lock\" > /dev/null\nif [ $? != 0 ] ; then\n    # print error to STDERR\n    echo \"error: The sandbox is not in sync with the Podfile.lock. Run 'pod install' or update your CocoaPods installation.\" >&2\n    exit 1\nfi\n";
			showEnvVarsInLog = 0;
		};
		B525909940451A9E018D9BF7 /* [CP] Check Pods Manifest.lock */ = {
			isa = PBXShellScriptBuildPhase;
			buildActionMask = 2147483647;
			files = (
			);
			inputPaths = (
			);
			name = "[CP] Check Pods Manifest.lock";
			outputPaths = (
			);
			runOnlyForDeploymentPostprocessing = 0;
			shellPath = /bin/sh;
			shellScript = "diff \"${PODS_ROOT}/../Podfile.lock\" \"${PODS_ROOT}/Manifest.lock\" > /dev/null\nif [ $? != 0 ] ; then\n    # print error to STDERR\n    echo \"error: The sandbox is not in sync with the Podfile.lock. Run 'pod install' or update your CocoaPods installation.\" >&2\n    exit 1\nfi\n";
			showEnvVarsInLog = 0;
		};
/* End PBXShellScriptBuildPhase section */

/* Begin PBXSourcesBuildPhase section */
		E5C3B43E1E66EC03009D633F /* Sources */ = {
			isa = PBXSourcesBuildPhase;
			buildActionMask = 2147483647;
			files = (
				E5C3B44D1E66EC03009D633F /* ViewController.m in Sources */,
				E5C3B47A1E66EC43009D633F /* LoadingView.m in Sources */,
				E5C3B44A1E66EC03009D633F /* AppDelegate.m in Sources */,
				E5C3B4471E66EC03009D633F /* main.m in Sources */,
			);
			runOnlyForDeploymentPostprocessing = 0;
		};
		E5C3B4571E66EC03009D633F /* Sources */ = {
			isa = PBXSourcesBuildPhase;
			buildActionMask = 2147483647;
			files = (
				E5C3B4601E66EC03009D633F /* ContextualLoadingViewTests.m in Sources */,
			);
			runOnlyForDeploymentPostprocessing = 0;
		};
		E5C3B4621E66EC03009D633F /* Sources */ = {
			isa = PBXSourcesBuildPhase;
			buildActionMask = 2147483647;
			files = (
				E5C3B46B1E66EC03009D633F /* ContextualLoadingViewUITests.m in Sources */,
			);
			runOnlyForDeploymentPostprocessing = 0;
		};
/* End PBXSourcesBuildPhase section */

/* Begin PBXTargetDependency section */
		E5C3B45D1E66EC03009D633F /* PBXTargetDependency */ = {
			isa = PBXTargetDependency;
			target = E5C3B4411E66EC03009D633F /* ContextualLoadingView */;
			targetProxy = E5C3B45C1E66EC03009D633F /* PBXContainerItemProxy */;
		};
		E5C3B4681E66EC03009D633F /* PBXTargetDependency */ = {
			isa = PBXTargetDependency;
			target = E5C3B4411E66EC03009D633F /* ContextualLoadingView */;
			targetProxy = E5C3B4671E66EC03009D633F /* PBXContainerItemProxy */;
		};
/* End PBXTargetDependency section */

/* Begin PBXVariantGroup section */
		E5C3B44E1E66EC03009D633F /* Main.storyboard */ = {
			isa = PBXVariantGroup;
			children = (
				E5C3B44F1E66EC03009D633F /* Base */,
			);
			name = Main.storyboard;
			sourceTree = "<group>";
		};
		E5C3B4531E66EC03009D633F /* LaunchScreen.storyboard */ = {
			isa = PBXVariantGroup;
			children = (
				E5C3B4541E66EC03009D633F /* Base */,
			);
			name = LaunchScreen.storyboard;
			sourceTree = "<group>";
		};
/* End PBXVariantGroup section */

/* Begin XCBuildConfiguration section */
		E5C3B46D1E66EC03009D633F /* Debug */ = {
			isa = XCBuildConfiguration;
			buildSettings = {
				ALWAYS_SEARCH_USER_PATHS = NO;
				CLANG_ANALYZER_NONNULL = YES;
				CLANG_CXX_LANGUAGE_STANDARD = "gnu++0x";
				CLANG_CXX_LIBRARY = "libc++";
				CLANG_ENABLE_MODULES = YES;
				CLANG_ENABLE_OBJC_ARC = YES;
				CLANG_WARN_BOOL_CONVERSION = YES;
				CLANG_WARN_CONSTANT_CONVERSION = YES;
				CLANG_WARN_DIRECT_OBJC_ISA_USAGE = YES_ERROR;
				CLANG_WARN_DOCUMENTATION_COMMENTS = YES;
				CLANG_WARN_EMPTY_BODY = YES;
				CLANG_WARN_ENUM_CONVERSION = YES;
				CLANG_WARN_INFINITE_RECURSION = YES;
				CLANG_WARN_INT_CONVERSION = YES;
				CLANG_WARN_OBJC_ROOT_CLASS = YES_ERROR;
				CLANG_WARN_SUSPICIOUS_MOVE = YES;
				CLANG_WARN_UNREACHABLE_CODE = YES;
				CLANG_WARN__DUPLICATE_METHOD_MATCH = YES;
				"CODE_SIGN_IDENTITY[sdk=iphoneos*]" = "iPhone Developer";
				COPY_PHASE_STRIP = NO;
				DEBUG_INFORMATION_FORMAT = dwarf;
				ENABLE_STRICT_OBJC_MSGSEND = YES;
				ENABLE_TESTABILITY = YES;
				GCC_C_LANGUAGE_STANDARD = gnu99;
				GCC_DYNAMIC_NO_PIC = NO;
				GCC_NO_COMMON_BLOCKS = YES;
				GCC_OPTIMIZATION_LEVEL = 0;
				GCC_PREPROCESSOR_DEFINITIONS = (
					"DEBUG=1",
					"$(inherited)",
				);
				GCC_WARN_64_TO_32_BIT_CONVERSION = YES;
				GCC_WARN_ABOUT_RETURN_TYPE = YES_ERROR;
				GCC_WARN_UNDECLARED_SELECTOR = YES;
				GCC_WARN_UNINITIALIZED_AUTOS = YES_AGGRESSIVE;
				GCC_WARN_UNUSED_FUNCTION = YES;
				GCC_WARN_UNUSED_VARIABLE = YES;
				IPHONEOS_DEPLOYMENT_TARGET = 10.2;
				MTL_ENABLE_DEBUG_INFO = YES;
				ONLY_ACTIVE_ARCH = YES;
				SDKROOT = iphoneos;
				TARGETED_DEVICE_FAMILY = "1,2";
			};
			name = Debug;
		};
		E5C3B46E1E66EC03009D633F /* Release */ = {
			isa = XCBuildConfiguration;
			buildSettings = {
				ALWAYS_SEARCH_USER_PATHS = NO;
				CLANG_ANALYZER_NONNULL = YES;
				CLANG_CXX_LANGUAGE_STANDARD = "gnu++0x";
				CLANG_CXX_LIBRARY = "libc++";
				CLANG_ENABLE_MODULES = YES;
				CLANG_ENABLE_OBJC_ARC = YES;
				CLANG_WARN_BOOL_CONVERSION = YES;
				CLANG_WARN_CONSTANT_CONVERSION = YES;
				CLANG_WARN_DIRECT_OBJC_ISA_USAGE = YES_ERROR;
				CLANG_WARN_DOCUMENTATION_COMMENTS = YES;
				CLANG_WARN_EMPTY_BODY = YES;
				CLANG_WARN_ENUM_CONVERSION = YES;
				CLANG_WARN_INFINITE_RECURSION = YES;
				CLANG_WARN_INT_CONVERSION = YES;
				CLANG_WARN_OBJC_ROOT_CLASS = YES_ERROR;
				CLANG_WARN_SUSPICIOUS_MOVE = YES;
				CLANG_WARN_UNREACHABLE_CODE = YES;
				CLANG_WARN__DUPLICATE_METHOD_MATCH = YES;
				"CODE_SIGN_IDENTITY[sdk=iphoneos*]" = "iPhone Developer";
				COPY_PHASE_STRIP = NO;
				DEBUG_INFORMATION_FORMAT = "dwarf-with-dsym";
				ENABLE_NS_ASSERTIONS = NO;
				ENABLE_STRICT_OBJC_MSGSEND = YES;
				GCC_C_LANGUAGE_STANDARD = gnu99;
				GCC_NO_COMMON_BLOCKS = YES;
				GCC_WARN_64_TO_32_BIT_CONVERSION = YES;
				GCC_WARN_ABOUT_RETURN_TYPE = YES_ERROR;
				GCC_WARN_UNDECLARED_SELECTOR = YES;
				GCC_WARN_UNINITIALIZED_AUTOS = YES_AGGRESSIVE;
				GCC_WARN_UNUSED_FUNCTION = YES;
				GCC_WARN_UNUSED_VARIABLE = YES;
				IPHONEOS_DEPLOYMENT_TARGET = 10.2;
				MTL_ENABLE_DEBUG_INFO = NO;
				SDKROOT = iphoneos;
				TARGETED_DEVICE_FAMILY = "1,2";
				VALIDATE_PRODUCT = YES;
			};
			name = Release;
		};
		E5C3B4701E66EC03009D633F /* Debug */ = {
			isa = XCBuildConfiguration;
			baseConfigurationReference = EDEB7DECC0081ABED01B18BF /* Pods-ContextualLoadingView.debug.xcconfig */;
			buildSettings = {
				ASSETCATALOG_COMPILER_APPICON_NAME = AppIcon;
				DEVELOPMENT_TEAM = SZSQ274898;
				INFOPLIST_FILE = ContextualLoadingView/Info.plist;
				LD_RUNPATH_SEARCH_PATHS = "$(inherited) @executable_path/Frameworks";
				PRODUCT_BUNDLE_IDENTIFIER = com.bocato.ContextualLoadingView;
				PRODUCT_NAME = "$(TARGET_NAME)";
			};
			name = Debug;
		};
		E5C3B4711E66EC03009D633F /* Release */ = {
			isa = XCBuildConfiguration;
			baseConfigurationReference = 2BF9BCB08BDB23BD9714C4F2 /* Pods-ContextualLoadingView.release.xcconfig */;
			buildSettings = {
				ASSETCATALOG_COMPILER_APPICON_NAME = AppIcon;
				DEVELOPMENT_TEAM = SZSQ274898;
				INFOPLIST_FILE = ContextualLoadingView/Info.plist;
				LD_RUNPATH_SEARCH_PATHS = "$(inherited) @executable_path/Frameworks";
				PRODUCT_BUNDLE_IDENTIFIER = com.bocato.ContextualLoadingView;
				PRODUCT_NAME = "$(TARGET_NAME)";
			};
			name = Release;
		};
		E5C3B4731E66EC03009D633F /* Debug */ = {
			isa = XCBuildConfiguration;
			baseConfigurationReference = 08B62D7B8C8ED1B66B5D0D41 /* Pods-ContextualLoadingViewTests.debug.xcconfig */;
			buildSettings = {
				BUNDLE_LOADER = "$(TEST_HOST)";
				DEVELOPMENT_TEAM = LJ52F3Z7TA;
				INFOPLIST_FILE = ContextualLoadingViewTests/Info.plist;
				LD_RUNPATH_SEARCH_PATHS = "$(inherited) @executable_path/Frameworks @loader_path/Frameworks";
				PRODUCT_BUNDLE_IDENTIFIER = com.bocato.ContextualLoadingViewTests;
				PRODUCT_NAME = "$(TARGET_NAME)";
				TEST_HOST = "$(BUILT_PRODUCTS_DIR)/ContextualLoadingView.app/ContextualLoadingView";
			};
			name = Debug;
		};
		E5C3B4741E66EC03009D633F /* Release */ = {
			isa = XCBuildConfiguration;
			baseConfigurationReference = C4A0847D82877BC084928656 /* Pods-ContextualLoadingViewTests.release.xcconfig */;
			buildSettings = {
				BUNDLE_LOADER = "$(TEST_HOST)";
				DEVELOPMENT_TEAM = LJ52F3Z7TA;
				INFOPLIST_FILE = ContextualLoadingViewTests/Info.plist;
				LD_RUNPATH_SEARCH_PATHS = "$(inherited) @executable_path/Frameworks @loader_path/Frameworks";
				PRODUCT_BUNDLE_IDENTIFIER = com.bocato.ContextualLoadingViewTests;
				PRODUCT_NAME = "$(TARGET_NAME)";
				TEST_HOST = "$(BUILT_PRODUCTS_DIR)/ContextualLoadingView.app/ContextualLoadingView";
			};
			name = Release;
		};
		E5C3B4761E66EC03009D633F /* Debug */ = {
			isa = XCBuildConfiguration;
			baseConfigurationReference = B15E0F8CB99DFD9450E63D5F /* Pods-ContextualLoadingViewUITests.debug.xcconfig */;
			buildSettings = {
				DEVELOPMENT_TEAM = LJ52F3Z7TA;
				INFOPLIST_FILE = ContextualLoadingViewUITests/Info.plist;
				LD_RUNPATH_SEARCH_PATHS = "$(inherited) @executable_path/Frameworks @loader_path/Frameworks";
				PRODUCT_BUNDLE_IDENTIFIER = com.bocato.ContextualLoadingViewUITests;
				PRODUCT_NAME = "$(TARGET_NAME)";
				TEST_TARGET_NAME = ContextualLoadingView;
			};
			name = Debug;
		};
		E5C3B4771E66EC03009D633F /* Release */ = {
			isa = XCBuildConfiguration;
			baseConfigurationReference = 0316C40560A6D1E4FBDF64ED /* Pods-ContextualLoadingViewUITests.release.xcconfig */;
			buildSettings = {
				DEVELOPMENT_TEAM = LJ52F3Z7TA;
				INFOPLIST_FILE = ContextualLoadingViewUITests/Info.plist;
				LD_RUNPATH_SEARCH_PATHS = "$(inherited) @executable_path/Frameworks @loader_path/Frameworks";
				PRODUCT_BUNDLE_IDENTIFIER = com.bocato.ContextualLoadingViewUITests;
				PRODUCT_NAME = "$(TARGET_NAME)";
				TEST_TARGET_NAME = ContextualLoadingView;
			};
			name = Release;
		};
/* End XCBuildConfiguration section */

/* Begin XCConfigurationList section */
		E5C3B43D1E66EC03009D633F /* Build configuration list for PBXProject "ContextualLoadingView" */ = {
			isa = XCConfigurationList;
			buildConfigurations = (
				E5C3B46D1E66EC03009D633F /* Debug */,
				E5C3B46E1E66EC03009D633F /* Release */,
			);
			defaultConfigurationIsVisible = 0;
			defaultConfigurationName = Release;
		};
		E5C3B46F1E66EC03009D633F /* Build configuration list for PBXNativeTarget "ContextualLoadingView" */ = {
			isa = XCConfigurationList;
			buildConfigurations = (
				E5C3B4701E66EC03009D633F /* Debug */,
				E5C3B4711E66EC03009D633F /* Release */,
			);
			defaultConfigurationIsVisible = 0;
			defaultConfigurationName = Release;
		};
		E5C3B4721E66EC03009D633F /* Build configuration list for PBXNativeTarget "ContextualLoadingViewTests" */ = {
			isa = XCConfigurationList;
			buildConfigurations = (
				E5C3B4731E66EC03009D633F /* Debug */,
				E5C3B4741E66EC03009D633F /* Release */,
			);
			defaultConfigurationIsVisible = 0;
			defaultConfigurationName = Release;
		};
		E5C3B4751E66EC03009D633F /* Build configuration list for PBXNativeTarget "ContextualLoadingViewUITests" */ = {
			isa = XCConfigurationList;
			buildConfigurations = (
				E5C3B4761E66EC03009D633F /* Debug */,
				E5C3B4771E66EC03009D633F /* Release */,
			);
			defaultConfigurationIsVisible = 0;
			defaultConfigurationName = Release;
		};
/* End XCConfigurationList section */
	};
	rootObject = E5C3B43A1E66EC03009D633F /* Project object */;
}
